
Microsoft Visual Studio Solution File, Format Version 12.00
# Visual Studio Version 17
VisualStudioVersion = 17.6.33815.320
MinimumVisualStudioVersion = 10.0.40219.1
Project("{FAE04EC0-301F-11D3-BF4B-00C04F79EFBC}") = "PratikAraBul", "PratikAraBul\PratikAraBul.csproj", "{FB70A10B-FDD8-45CA-847D-3451D1CDBB23}"
EndProject
Project("{FAE04EC0-301F-11D3-BF4B-00C04F79EFBC}") = "EntityLayer", "EntityLayer\EntityLayer.csproj", "{58D3EAEB-BD65-4FDC-9312-D4BCBE45864B}"
EndProject
Project("{FAE04EC0-301F-11D3-BF4B-00C04F79EFBC}") = "DataAccesLayer", "DataAccesLayer\DataAccesLayer.csproj", "{FA9DA077-9C85-431A-A35F-A86121AA6716}"
EndProject
Project("{FAE04EC0-301F-11D3-BF4B-00C04F79EFBC}") = "BussinesLayer", "BussinesLayer\BussinesLayer.csproj", "{8B0E38B5-1322-46A9-8182-0BFBEB94C04F}"
EndProject
Project("{FAE04EC0-301F-11D3-BF4B-00C04F79EFBC}") = "CoreLayer", "CoreLayer\CoreLayer.csproj", "{ED491406-AA71-4FD8-9359-AFDC1F5A6B8D}"
EndProject
Global
	GlobalSection(SolutionConfigurationPlatforms) = preSolution
		Debug|Any CPU = Debug|Any CPU
		Release|Any CPU = Release|Any CPU
	EndGlobalSection
	GlobalSection(ProjectConfigurationPlatforms) = postSolution
		{FB70A10B-FDD8-45CA-847D-3451D1CDBB23}.Debug|Any CPU.ActiveCfg = Debug|Any CPU
		{FB70A10B-FDD8-45CA-847D-3451D1CDBB23}.Debug|Any CPU.Build.0 = Debug|Any CPU
		{FB70A10B-FDD8-45CA-847D-3451D1CDBB23}.Release|Any CPU.ActiveCfg = Release|Any CPU
		{FB70A10B-FDD8-45CA-847D-3451D1CDBB23}.Release|Any CPU.Build.0 = Release|Any CPU
		{58D3EAEB-BD65-4FDC-9312-D4BCBE45864B}.Debug|Any CPU.ActiveCfg = Debug|Any CPU
		{58D3EAEB-BD65-4FDC-9312-D4BCBE45864B}.Debug|Any CPU.Build.0 = Debug|Any CPU
		{58D3EAEB-BD65-4FDC-9312-D4BCBE45864B}.Release|Any CPU.ActiveCfg = Release|Any CPU
		{58D3EAEB-BD65-4FDC-9312-D4BCBE45864B}.Release|Any CPU.Build.0 = Release|Any CPU
		{FA9DA077-9C85-431A-A35F-A86121AA6716}.Debug|Any CPU.ActiveCfg = Debug|Any CPU
		{FA9DA077-9C85-431A-A35F-A86121AA6716}.Debug|Any CPU.Build.0 = Debug|Any CPU
		{FA9DA077-9C85-431A-A35F-A86121AA6716}.Release|Any CPU.ActiveCfg = Release|Any CPU
		{FA9DA077-9C85-431A-A35F-A86121AA6716}.Release|Any CPU.Build.0 = Release|Any CPU
		{8B0E38B5-1322-46A9-8182-0BFBEB94C04F}.Debug|Any CPU.ActiveCfg = Debug|Any CPU
		{8B0E38B5-1322-46A9-8182-0BFBEB94C04F}.Debug|Any CPU.Build.0 = Debug|Any CPU
		{8B0E38B5-1322-46A9-8182-0BFBEB94C04F}.Release|Any CPU.ActiveCfg = Release|Any CPU
		{8B0E38B5-1322-46A9-8182-0BFBEB94C04F}.Release|Any CPU.Build.0 = Release|Any CPU
		{ED491406-AA71-4FD8-9359-AFDC1F5A6B8D}.Debug|Any CPU.ActiveCfg = Debug|Any CPU
		{ED491406-AA71-4FD8-9359-AFDC1F5A6B8D}.Debug|Any CPU.Build.0 = Debug|Any CPU
		{ED491406-AA71-4FD8-9359-AFDC1F5A6B8D}.Release|Any CPU.ActiveCfg = Release|Any CPU
		{ED491406-AA71-4FD8-9359-AFDC1F5A6B8D}.Release|Any CPU.Build.0 = Release|Any CPU
	EndGlobalSection
	GlobalSection(SolutionProperties) = preSolution
		HideSolutionNode = FALSE
	EndGlobalSection
	GlobalSection(ExtensibilityGlobals) = postSolution
		SolutionGuid = {F9F9D79E-A191-4112-A66B-239ECA20279F}
	EndGlobalSection
EndGlobal
